
Microsoft Visual Studio Solution File, Format Version 12.00
# Visual Studio Version 17
VisualStudioVersion = 17.4.33103.184
MinimumVisualStudioVersion = 10.0.40219.1
Project("{2150E333-8FDC-42A3-9474-1A3956D46DE8}") = "Apps", "Apps", "{C0BCB510-1E58-41CB-8314-9EB298CD42AC}"
EndProject
Project("{2150E333-8FDC-42A3-9474-1A3956D46DE8}") = "Tests", "Tests", "{F8C0B6E2-8396-41DB-BDD8-620621560BC2}"
EndProject
Project("{9A19103F-16F7-4668-BE54-9A1E7A4F7556}") = "Axis.App.WebApi", "Apps\Axis.App.WebApi\Axis.App.WebApi.csproj", "{4E026D5B-7E24-4112-A8F2-11B681D53976}"
EndProject
Project("{2150E333-8FDC-42A3-9474-1A3956D46DE8}") = "Modules", "Modules", "{DC614C75-97B9-41F7-AC40-3808269C2C2E}"
	ProjectSection(SolutionItems) = preProject
		Modules\Directory.Build.props = Modules\Directory.Build.props
	EndProjectSection
EndProject
Project("{2150E333-8FDC-42A3-9474-1A3956D46DE8}") = "Projects", "Projects", "{3A86214D-1577-446D-BB3A-72FF0275244A}"
EndProject
Project("{2150E333-8FDC-42A3-9474-1A3956D46DE8}") = "Data", "Data", "{F49288AF-5078-4001-BF7D-62782A5AC914}"
EndProject
Project("{2150E333-8FDC-42A3-9474-1A3956D46DE8}") = "Plugin", "Plugin", "{4D42C776-FC5D-4D8B-9918-572774023DCF}"
EndProject
Project("{2150E333-8FDC-42A3-9474-1A3956D46DE8}") = "Ml", "Ml", "{CB362C69-601C-4DCE-B364-79A6404051D9}"
EndProject
Project("{2150E333-8FDC-42A3-9474-1A3956D46DE8}") = "Libs", "Libs", "{E9BD4C21-F6FF-4ACC-9552-A6F45CF577B2}"
EndProject
Project("{2150E333-8FDC-42A3-9474-1A3956D46DE8}") = "Solution Items", "Solution Items", "{AA960CCD-D59E-4D01-BE7D-167246BB1773}"
	ProjectSection(SolutionItems) = preProject
		.dockerignore = .dockerignore
		.gitattributes = .gitattributes
		.gitignore = .gitignore
		Directory.Build.props = Directory.Build.props
		favicon.ico = favicon.ico
		LICENSE.txt = LICENSE.txt
		README.md = README.md
	EndProjectSection
EndProject
Project("{9A19103F-16F7-4668-BE54-9A1E7A4F7556}") = "Axis.Data.SqlBuilder", "Libs\Axis.Data.SqlBuilder\Axis.Data.SqlBuilder.csproj", "{FEB1C1B9-87F2-4EEF-B63B-2ACCBAE270D9}"
EndProject
Project("{2150E333-8FDC-42A3-9474-1A3956D46DE8}") = "Web", "Web", "{5E39AA6C-DA54-46DC-B2F1-6B6F516B7CE2}"
EndProject
Project("{9A19103F-16F7-4668-BE54-9A1E7A4F7556}") = "Axis.Data.Abstraction", "Libs\Axis.Data.Abstraction\Axis.Data.Abstraction.csproj", "{30111B3C-3355-4894-B1A3-A1C77A2F5D1D}"
EndProject
Project("{2150E333-8FDC-42A3-9474-1A3956D46DE8}") = "Identity", "Identity", "{4B4456C6-33A9-46C8-AA88-7D56B0B496BC}"
EndProject
Project("{9A19103F-16F7-4668-BE54-9A1E7A4F7556}") = "Axis.Identity.Abstraction", "Libs\Axis.Identity.Abstraction\Axis.Identity.Abstraction.csproj", "{83A840BD-0B42-472D-AA80-DF3EBE6A9EB0}"
EndProject
Project("{2150E333-8FDC-42A3-9474-1A3956D46DE8}") = "Message", "Message", "{5522B505-2F71-47B3-970E-A4810D8A1F49}"
EndProject
Project("{9A19103F-16F7-4668-BE54-9A1E7A4F7556}") = "Axis.Message.Abstraction", "Libs\Axis.Message.Abstraction\Axis.Message.Abstraction.csproj", "{6FECDE62-C433-4BB5-8633-A452D8F6B35C}"
EndProject
Project("{9A19103F-16F7-4668-BE54-9A1E7A4F7556}") = "Axis.Message.SignalR", "Libs\Axis.Message.SignalR\Axis.Message.SignalR.csproj", "{4403465D-8F37-4B20-94F5-B5C7077568E3}"
EndProject
Project("{9A19103F-16F7-4668-BE54-9A1E7A4F7556}") = "Axis.Message.Kafka", "Libs\Axis.Message.Kafka\Axis.Message.Kafka.csproj", "{40EBE1FE-7C06-49FE-819C-B31DF27CA343}"
EndProject
Project("{9A19103F-16F7-4668-BE54-9A1E7A4F7556}") = "Axis.Message.RabbitMq", "Libs\Axis.Message.RabbitMq\Axis.Message.RabbitMq.csproj", "{5B666475-9264-4C06-86E6-73DF4A873C7D}"
EndProject
Project("{9A19103F-16F7-4668-BE54-9A1E7A4F7556}") = "Axis.Data.Test", "Tests\Axis.Data.Test\Axis.Data.Test.csproj", "{46E3C7D9-D36D-46B5-9641-F8145317152A}"
EndProject
Project("{9A19103F-16F7-4668-BE54-9A1E7A4F7556}") = "Axis.Ml.Test", "Tests\Axis.Ml.Test\Axis.Ml.Test.csproj", "{8858E058-9D2C-4CF2-A0EF-76B771CAB343}"
EndProject
Project("{9A19103F-16F7-4668-BE54-9A1E7A4F7556}") = "Axis.Web.Extension.Abstraction", "Libs\Axis.Web.Extension.Abstraction\Axis.Web.Extension.Abstraction.csproj", "{509579EA-6F8F-433F-8B93-C8EB1CAC59D7}"
EndProject
Project("{9A19103F-16F7-4668-BE54-9A1E7A4F7556}") = "Axis.Web.Extension.Common", "Libs\Axis.Web.Extension.Common\Axis.Web.Extension.Common.csproj", "{849697AB-282E-4396-89E0-59783A23B201}"
EndProject
Project("{9A19103F-16F7-4668-BE54-9A1E7A4F7556}") = "Axis.Web.Extension.Worker", "Libs\Axis.Web.Extension.Worker\Axis.Web.Extension.Worker.csproj", "{9DA33A0C-2B99-4DD9-A7AD-F3F30CE02874}"
EndProject
Project("{9A19103F-16F7-4668-BE54-9A1E7A4F7556}") = "Axis.Ml.Abstraction", "Libs\Axis.Ml.Abstraction\Axis.Ml.Abstraction.csproj", "{14BFC621-FD9B-42C1-9486-07BE83E20C32}"
EndProject
Project("{2150E333-8FDC-42A3-9474-1A3956D46DE8}") = "App", "App", "{4D609E60-D25E-4D02-80AF-5C99DF5A978E}"
EndProject
Project("{9A19103F-16F7-4668-BE54-9A1E7A4F7556}") = "Axis.Module.App.Management", "Modules\Axis.Module.App.Management\Axis.Module.App.Management.csproj", "{8B46B8CF-9AD5-4396-98EC-F0C9F9E973F1}"
EndProject
Project("{9A19103F-16F7-4668-BE54-9A1E7A4F7556}") = "Axis.Module.App.Common", "Modules\Axis.Module.App.Common\Axis.Module.App.Common.csproj", "{5265B75F-4229-4B9F-B903-C018F468A833}"
EndProject
Project("{9A19103F-16F7-4668-BE54-9A1E7A4F7556}") = "Axis.Identity.Common", "Libs\Axis.Identity.Common\Axis.Identity.Common.csproj", "{46951854-A705-43E8-ACE5-83ECDCEA6E14}"
EndProject
Project("{9A19103F-16F7-4668-BE54-9A1E7A4F7556}") = "Axis.Identity.Authencation.Jwt", "Libs\Axis.Identity.Authencation.Jwt\Axis.Identity.Authencation.Jwt.csproj", "{8C42AAA0-F641-4D3B-9A07-8860D23F0FE4}"
EndProject
Project("{9A19103F-16F7-4668-BE54-9A1E7A4F7556}") = "Axis.Ml.FacialRecognition", "Libs\Axis.Ml.FacialRecognition\Axis.Ml.FacialRecognition.csproj", "{148501A8-277E-4872-AB19-15CC9A5A7270}"
EndProject
Project("{9A19103F-16F7-4668-BE54-9A1E7A4F7556}") = "Axis.Data.Provider.EntityFramework", "Libs\Axis.Data.Provider.EntityFramework\Axis.Data.Provider.EntityFramework.csproj", "{CDED042B-8368-4188-9225-BC988DC959A4}"
EndProject
Project("{9A19103F-16F7-4668-BE54-9A1E7A4F7556}") = "Axis.Plugin.Abstractin", "Libs\Axis.Plugin.Abstractin\Axis.Plugin.Abstractin.csproj", "{29C4B544-9CC7-4B6D-9D75-EDFAAEA1BAC5}"
EndProject
Project("{9A19103F-16F7-4668-BE54-9A1E7A4F7556}") = "Axis.Data.Database.NamingConvention", "Libs\Axis.Data.Database.NamingConvention\Axis.Data.Database.NamingConvention.csproj", "{ECE8E08C-888A-4047-86A1-D6E58BDEC3AF}"
EndProject
Project("{9A19103F-16F7-4668-BE54-9A1E7A4F7556}") = "Axis.Data.SqlBuilder.Execution", "Libs\Axis.Data.SqlBuilder.Execution\Axis.Data.SqlBuilder.Execution.csproj", "{A7412DC2-7B09-4D85-BF93-844701A8AA56}"
EndProject
Project("{2150E333-8FDC-42A3-9474-1A3956D46DE8}") = "Tools", "Tools", "{C62C5426-1FCD-43A7-9E3A-507DEAF2BD06}"
EndProject
Project("{8BC9CEB8-8B4A-11D0-8D11-00A0C91BC942}") = "Axis.Tools.TabTip", "Tools\Axis.Tools.TabTip\Axis.Tools.TabTip.vcxproj", "{0E1FE18F-DB37-40E4-9C77-8821511F7BF7}"
EndProject
Project("{9A19103F-16F7-4668-BE54-9A1E7A4F7556}") = "Axis.Data.Provider.SqlBuilder", "Libs\Axis.Data.Provider.SqlBuilder\Axis.Data.Provider.SqlBuilder.csproj", "{633FB69E-E932-4EE4-9A7F-15168DB26A49}"
EndProject
Project("{9A19103F-16F7-4668-BE54-9A1E7A4F7556}") = "Axis.Plugin.Storage", "Libs\Axis.Plugin.Storage\Axis.Plugin.Storage.csproj", "{7191A874-8734-4BB4-BBB9-AD51D06994BF}"
EndProject
Project("{9A19103F-16F7-4668-BE54-9A1E7A4F7556}") = "Axis.Plugin.Loader", "Libs\Axis.Plugin.Loader\Axis.Plugin.Loader.csproj", "{F20A5A44-F6C8-4B67-9FB0-FC3A9C922BFD}"
EndProject
Project("{9A19103F-16F7-4668-BE54-9A1E7A4F7556}") = "Axis.Identity", "Libs\Axis.Identity\Axis.Identity.csproj", "{07322A29-12A7-40C5-9C90-95D707EFB38D}"
EndProject
Project("{9A19103F-16F7-4668-BE54-9A1E7A4F7556}") = "Axis.Plugin", "Libs\Axis.Plugin\Axis.Plugin.csproj", "{2F445253-67E3-4538-838A-0D2B2E48AE12}"
EndProject
Project("{9A19103F-16F7-4668-BE54-9A1E7A4F7556}") = "Axis.Data.Database.Profiler", "Libs\Axis.Data.Database.Profiler\Axis.Data.Database.Profiler.csproj", "{9F27D6CB-5DF3-4B87-86BF-182320310854}"
EndProject
Project("{9A19103F-16F7-4668-BE54-9A1E7A4F7556}") = "Axis.Data.Provider.DataSource", "Libs\Axis.Data.Provider.DataSource\Axis.Data.Provider.DataSource.csproj", "{C50ED783-E5A4-4813-80C1-B984410D7756}"
EndProject
Project("{9A19103F-16F7-4668-BE54-9A1E7A4F7556}") = "Axis.Plugin.Storage.FileStorage", "Libs\Axis.Plugin.Storage.FileStorage\Axis.Plugin.Storage.FileStorage.csproj", "{72DCB7B6-FFF9-41AF-ADF2-4190C5CE2A50}"
EndProject
Project("{9A19103F-16F7-4668-BE54-9A1E7A4F7556}") = "Axis.Plugin.Test", "Tests\Axis.Plugin.Test\Axis.Plugin.Test.csproj", "{D4A09ABE-D608-4C00-8643-5EA65BB5B7E7}"
EndProject
Project("{FAE04EC0-301F-11D3-BF4B-00C04F79EFBC}") = "Axis.Data.IO.File", "Libs\Axis.Data.IO.File\Axis.Data.IO.File.csproj", "{3B03ED5F-9D6F-4D4C-94CE-DA83E28B6C6D}"
EndProject
Global
	GlobalSection(SolutionConfigurationPlatforms) = preSolution
		Debug|Any CPU = Debug|Any CPU
		Debug|x64 = Debug|x64
		Debug|x86 = Debug|x86
		Release|Any CPU = Release|Any CPU
		Release|x64 = Release|x64
		Release|x86 = Release|x86
	EndGlobalSection
	GlobalSection(ProjectConfigurationPlatforms) = postSolution
		{4E026D5B-7E24-4112-A8F2-11B681D53976}.Debug|Any CPU.ActiveCfg = Debug|Any CPU
		{4E026D5B-7E24-4112-A8F2-11B681D53976}.Debug|Any CPU.Build.0 = Debug|Any CPU
		{4E026D5B-7E24-4112-A8F2-11B681D53976}.Debug|x64.ActiveCfg = Debug|Any CPU
		{4E026D5B-7E24-4112-A8F2-11B681D53976}.Debug|x64.Build.0 = Debug|Any CPU
		{4E026D5B-7E24-4112-A8F2-11B681D53976}.Debug|x86.ActiveCfg = Debug|Any CPU
		{4E026D5B-7E24-4112-A8F2-11B681D53976}.Debug|x86.Build.0 = Debug|Any CPU
		{4E026D5B-7E24-4112-A8F2-11B681D53976}.Release|Any CPU.ActiveCfg = Release|Any CPU
		{4E026D5B-7E24-4112-A8F2-11B681D53976}.Release|Any CPU.Build.0 = Release|Any CPU
		{4E026D5B-7E24-4112-A8F2-11B681D53976}.Release|x64.ActiveCfg = Release|Any CPU
		{4E026D5B-7E24-4112-A8F2-11B681D53976}.Release|x64.Build.0 = Release|Any CPU
		{4E026D5B-7E24-4112-A8F2-11B681D53976}.Release|x86.ActiveCfg = Release|Any CPU
		{4E026D5B-7E24-4112-A8F2-11B681D53976}.Release|x86.Build.0 = Release|Any CPU
		{FEB1C1B9-87F2-4EEF-B63B-2ACCBAE270D9}.Debug|Any CPU.ActiveCfg = Debug|Any CPU
		{FEB1C1B9-87F2-4EEF-B63B-2ACCBAE270D9}.Debug|Any CPU.Build.0 = Debug|Any CPU
		{FEB1C1B9-87F2-4EEF-B63B-2ACCBAE270D9}.Debug|x64.ActiveCfg = Debug|Any CPU
		{FEB1C1B9-87F2-4EEF-B63B-2ACCBAE270D9}.Debug|x64.Build.0 = Debug|Any CPU
		{FEB1C1B9-87F2-4EEF-B63B-2ACCBAE270D9}.Debug|x86.ActiveCfg = Debug|Any CPU
		{FEB1C1B9-87F2-4EEF-B63B-2ACCBAE270D9}.Debug|x86.Build.0 = Debug|Any CPU
		{FEB1C1B9-87F2-4EEF-B63B-2ACCBAE270D9}.Release|Any CPU.ActiveCfg = Release|Any CPU
		{FEB1C1B9-87F2-4EEF-B63B-2ACCBAE270D9}.Release|Any CPU.Build.0 = Release|Any CPU
		{FEB1C1B9-87F2-4EEF-B63B-2ACCBAE270D9}.Release|x64.ActiveCfg = Release|Any CPU
		{FEB1C1B9-87F2-4EEF-B63B-2ACCBAE270D9}.Release|x64.Build.0 = Release|Any CPU
		{FEB1C1B9-87F2-4EEF-B63B-2ACCBAE270D9}.Release|x86.ActiveCfg = Release|Any CPU
		{FEB1C1B9-87F2-4EEF-B63B-2ACCBAE270D9}.Release|x86.Build.0 = Release|Any CPU
		{30111B3C-3355-4894-B1A3-A1C77A2F5D1D}.Debug|Any CPU.ActiveCfg = Debug|Any CPU
		{30111B3C-3355-4894-B1A3-A1C77A2F5D1D}.Debug|Any CPU.Build.0 = Debug|Any CPU
		{30111B3C-3355-4894-B1A3-A1C77A2F5D1D}.Debug|x64.ActiveCfg = Debug|Any CPU
		{30111B3C-3355-4894-B1A3-A1C77A2F5D1D}.Debug|x64.Build.0 = Debug|Any CPU
		{30111B3C-3355-4894-B1A3-A1C77A2F5D1D}.Debug|x86.ActiveCfg = Debug|Any CPU
		{30111B3C-3355-4894-B1A3-A1C77A2F5D1D}.Debug|x86.Build.0 = Debug|Any CPU
		{30111B3C-3355-4894-B1A3-A1C77A2F5D1D}.Release|Any CPU.ActiveCfg = Release|Any CPU
		{30111B3C-3355-4894-B1A3-A1C77A2F5D1D}.Release|Any CPU.Build.0 = Release|Any CPU
		{30111B3C-3355-4894-B1A3-A1C77A2F5D1D}.Release|x64.ActiveCfg = Release|Any CPU
		{30111B3C-3355-4894-B1A3-A1C77A2F5D1D}.Release|x64.Build.0 = Release|Any CPU
		{30111B3C-3355-4894-B1A3-A1C77A2F5D1D}.Release|x86.ActiveCfg = Release|Any CPU
		{30111B3C-3355-4894-B1A3-A1C77A2F5D1D}.Release|x86.Build.0 = Release|Any CPU
		{83A840BD-0B42-472D-AA80-DF3EBE6A9EB0}.Debug|Any CPU.ActiveCfg = Debug|Any CPU
		{83A840BD-0B42-472D-AA80-DF3EBE6A9EB0}.Debug|Any CPU.Build.0 = Debug|Any CPU
		{83A840BD-0B42-472D-AA80-DF3EBE6A9EB0}.Debug|x64.ActiveCfg = Debug|Any CPU
		{83A840BD-0B42-472D-AA80-DF3EBE6A9EB0}.Debug|x64.Build.0 = Debug|Any CPU
		{83A840BD-0B42-472D-AA80-DF3EBE6A9EB0}.Debug|x86.ActiveCfg = Debug|Any CPU
		{83A840BD-0B42-472D-AA80-DF3EBE6A9EB0}.Debug|x86.Build.0 = Debug|Any CPU
		{83A840BD-0B42-472D-AA80-DF3EBE6A9EB0}.Release|Any CPU.ActiveCfg = Release|Any CPU
		{83A840BD-0B42-472D-AA80-DF3EBE6A9EB0}.Release|Any CPU.Build.0 = Release|Any CPU
		{83A840BD-0B42-472D-AA80-DF3EBE6A9EB0}.Release|x64.ActiveCfg = Release|Any CPU
		{83A840BD-0B42-472D-AA80-DF3EBE6A9EB0}.Release|x64.Build.0 = Release|Any CPU
		{83A840BD-0B42-472D-AA80-DF3EBE6A9EB0}.Release|x86.ActiveCfg = Release|Any CPU
		{83A840BD-0B42-472D-AA80-DF3EBE6A9EB0}.Release|x86.Build.0 = Release|Any CPU
		{6FECDE62-C433-4BB5-8633-A452D8F6B35C}.Debug|Any CPU.ActiveCfg = Debug|Any CPU
		{6FECDE62-C433-4BB5-8633-A452D8F6B35C}.Debug|Any CPU.Build.0 = Debug|Any CPU
		{6FECDE62-C433-4BB5-8633-A452D8F6B35C}.Debug|x64.ActiveCfg = Debug|Any CPU
		{6FECDE62-C433-4BB5-8633-A452D8F6B35C}.Debug|x64.Build.0 = Debug|Any CPU
		{6FECDE62-C433-4BB5-8633-A452D8F6B35C}.Debug|x86.ActiveCfg = Debug|Any CPU
		{6FECDE62-C433-4BB5-8633-A452D8F6B35C}.Debug|x86.Build.0 = Debug|Any CPU
		{6FECDE62-C433-4BB5-8633-A452D8F6B35C}.Release|Any CPU.ActiveCfg = Release|Any CPU
		{6FECDE62-C433-4BB5-8633-A452D8F6B35C}.Release|Any CPU.Build.0 = Release|Any CPU
		{6FECDE62-C433-4BB5-8633-A452D8F6B35C}.Release|x64.ActiveCfg = Release|Any CPU
		{6FECDE62-C433-4BB5-8633-A452D8F6B35C}.Release|x64.Build.0 = Release|Any CPU
		{6FECDE62-C433-4BB5-8633-A452D8F6B35C}.Release|x86.ActiveCfg = Release|Any CPU
		{6FECDE62-C433-4BB5-8633-A452D8F6B35C}.Release|x86.Build.0 = Release|Any CPU
		{4403465D-8F37-4B20-94F5-B5C7077568E3}.Debug|Any CPU.ActiveCfg = Debug|Any CPU
		{4403465D-8F37-4B20-94F5-B5C7077568E3}.Debug|Any CPU.Build.0 = Debug|Any CPU
		{4403465D-8F37-4B20-94F5-B5C7077568E3}.Debug|x64.ActiveCfg = Debug|Any CPU
		{4403465D-8F37-4B20-94F5-B5C7077568E3}.Debug|x64.Build.0 = Debug|Any CPU
		{4403465D-8F37-4B20-94F5-B5C7077568E3}.Debug|x86.ActiveCfg = Debug|Any CPU
		{4403465D-8F37-4B20-94F5-B5C7077568E3}.Debug|x86.Build.0 = Debug|Any CPU
		{4403465D-8F37-4B20-94F5-B5C7077568E3}.Release|Any CPU.ActiveCfg = Release|Any CPU
		{4403465D-8F37-4B20-94F5-B5C7077568E3}.Release|Any CPU.Build.0 = Release|Any CPU
		{4403465D-8F37-4B20-94F5-B5C7077568E3}.Release|x64.ActiveCfg = Release|Any CPU
		{4403465D-8F37-4B20-94F5-B5C7077568E3}.Release|x64.Build.0 = Release|Any CPU
		{4403465D-8F37-4B20-94F5-B5C7077568E3}.Release|x86.ActiveCfg = Release|Any CPU
		{4403465D-8F37-4B20-94F5-B5C7077568E3}.Release|x86.Build.0 = Release|Any CPU
		{40EBE1FE-7C06-49FE-819C-B31DF27CA343}.Debug|Any CPU.ActiveCfg = Debug|Any CPU
		{40EBE1FE-7C06-49FE-819C-B31DF27CA343}.Debug|Any CPU.Build.0 = Debug|Any CPU
		{40EBE1FE-7C06-49FE-819C-B31DF27CA343}.Debug|x64.ActiveCfg = Debug|Any CPU
		{40EBE1FE-7C06-49FE-819C-B31DF27CA343}.Debug|x64.Build.0 = Debug|Any CPU
		{40EBE1FE-7C06-49FE-819C-B31DF27CA343}.Debug|x86.ActiveCfg = Debug|Any CPU
		{40EBE1FE-7C06-49FE-819C-B31DF27CA343}.Debug|x86.Build.0 = Debug|Any CPU
		{40EBE1FE-7C06-49FE-819C-B31DF27CA343}.Release|Any CPU.ActiveCfg = Release|Any CPU
		{40EBE1FE-7C06-49FE-819C-B31DF27CA343}.Release|Any CPU.Build.0 = Release|Any CPU
		{40EBE1FE-7C06-49FE-819C-B31DF27CA343}.Release|x64.ActiveCfg = Release|Any CPU
		{40EBE1FE-7C06-49FE-819C-B31DF27CA343}.Release|x64.Build.0 = Release|Any CPU
		{40EBE1FE-7C06-49FE-819C-B31DF27CA343}.Release|x86.ActiveCfg = Release|Any CPU
		{40EBE1FE-7C06-49FE-819C-B31DF27CA343}.Release|x86.Build.0 = Release|Any CPU
		{5B666475-9264-4C06-86E6-73DF4A873C7D}.Debug|Any CPU.ActiveCfg = Debug|Any CPU
		{5B666475-9264-4C06-86E6-73DF4A873C7D}.Debug|Any CPU.Build.0 = Debug|Any CPU
		{5B666475-9264-4C06-86E6-73DF4A873C7D}.Debug|x64.ActiveCfg = Debug|Any CPU
		{5B666475-9264-4C06-86E6-73DF4A873C7D}.Debug|x64.Build.0 = Debug|Any CPU
		{5B666475-9264-4C06-86E6-73DF4A873C7D}.Debug|x86.ActiveCfg = Debug|Any CPU
		{5B666475-9264-4C06-86E6-73DF4A873C7D}.Debug|x86.Build.0 = Debug|Any CPU
		{5B666475-9264-4C06-86E6-73DF4A873C7D}.Release|Any CPU.ActiveCfg = Release|Any CPU
		{5B666475-9264-4C06-86E6-73DF4A873C7D}.Release|Any CPU.Build.0 = Release|Any CPU
		{5B666475-9264-4C06-86E6-73DF4A873C7D}.Release|x64.ActiveCfg = Release|Any CPU
		{5B666475-9264-4C06-86E6-73DF4A873C7D}.Release|x64.Build.0 = Release|Any CPU
		{5B666475-9264-4C06-86E6-73DF4A873C7D}.Release|x86.ActiveCfg = Release|Any CPU
		{5B666475-9264-4C06-86E6-73DF4A873C7D}.Release|x86.Build.0 = Release|Any CPU
		{46E3C7D9-D36D-46B5-9641-F8145317152A}.Debug|Any CPU.ActiveCfg = Debug|Any CPU
		{46E3C7D9-D36D-46B5-9641-F8145317152A}.Debug|Any CPU.Build.0 = Debug|Any CPU
		{46E3C7D9-D36D-46B5-9641-F8145317152A}.Debug|x64.ActiveCfg = Debug|Any CPU
		{46E3C7D9-D36D-46B5-9641-F8145317152A}.Debug|x64.Build.0 = Debug|Any CPU
		{46E3C7D9-D36D-46B5-9641-F8145317152A}.Debug|x86.ActiveCfg = Debug|Any CPU
		{46E3C7D9-D36D-46B5-9641-F8145317152A}.Debug|x86.Build.0 = Debug|Any CPU
		{46E3C7D9-D36D-46B5-9641-F8145317152A}.Release|Any CPU.ActiveCfg = Release|Any CPU
		{46E3C7D9-D36D-46B5-9641-F8145317152A}.Release|Any CPU.Build.0 = Release|Any CPU
		{46E3C7D9-D36D-46B5-9641-F8145317152A}.Release|x64.ActiveCfg = Release|Any CPU
		{46E3C7D9-D36D-46B5-9641-F8145317152A}.Release|x64.Build.0 = Release|Any CPU
		{46E3C7D9-D36D-46B5-9641-F8145317152A}.Release|x86.ActiveCfg = Release|Any CPU
		{46E3C7D9-D36D-46B5-9641-F8145317152A}.Release|x86.Build.0 = Release|Any CPU
		{8858E058-9D2C-4CF2-A0EF-76B771CAB343}.Debug|Any CPU.ActiveCfg = Debug|Any CPU
		{8858E058-9D2C-4CF2-A0EF-76B771CAB343}.Debug|Any CPU.Build.0 = Debug|Any CPU
		{8858E058-9D2C-4CF2-A0EF-76B771CAB343}.Debug|x64.ActiveCfg = Debug|Any CPU
		{8858E058-9D2C-4CF2-A0EF-76B771CAB343}.Debug|x64.Build.0 = Debug|Any CPU
		{8858E058-9D2C-4CF2-A0EF-76B771CAB343}.Debug|x86.ActiveCfg = Debug|Any CPU
		{8858E058-9D2C-4CF2-A0EF-76B771CAB343}.Debug|x86.Build.0 = Debug|Any CPU
		{8858E058-9D2C-4CF2-A0EF-76B771CAB343}.Release|Any CPU.ActiveCfg = Release|Any CPU
		{8858E058-9D2C-4CF2-A0EF-76B771CAB343}.Release|Any CPU.Build.0 = Release|Any CPU
		{8858E058-9D2C-4CF2-A0EF-76B771CAB343}.Release|x64.ActiveCfg = Release|Any CPU
		{8858E058-9D2C-4CF2-A0EF-76B771CAB343}.Release|x64.Build.0 = Release|Any CPU
		{8858E058-9D2C-4CF2-A0EF-76B771CAB343}.Release|x86.ActiveCfg = Release|Any CPU
		{8858E058-9D2C-4CF2-A0EF-76B771CAB343}.Release|x86.Build.0 = Release|Any CPU
		{509579EA-6F8F-433F-8B93-C8EB1CAC59D7}.Debug|Any CPU.ActiveCfg = Debug|Any CPU
		{509579EA-6F8F-433F-8B93-C8EB1CAC59D7}.Debug|Any CPU.Build.0 = Debug|Any CPU
		{509579EA-6F8F-433F-8B93-C8EB1CAC59D7}.Debug|x64.ActiveCfg = Debug|Any CPU
		{509579EA-6F8F-433F-8B93-C8EB1CAC59D7}.Debug|x64.Build.0 = Debug|Any CPU
		{509579EA-6F8F-433F-8B93-C8EB1CAC59D7}.Debug|x86.ActiveCfg = Debug|Any CPU
		{509579EA-6F8F-433F-8B93-C8EB1CAC59D7}.Debug|x86.Build.0 = Debug|Any CPU
		{509579EA-6F8F-433F-8B93-C8EB1CAC59D7}.Release|Any CPU.ActiveCfg = Release|Any CPU
		{509579EA-6F8F-433F-8B93-C8EB1CAC59D7}.Release|Any CPU.Build.0 = Release|Any CPU
		{509579EA-6F8F-433F-8B93-C8EB1CAC59D7}.Release|x64.ActiveCfg = Release|Any CPU
		{509579EA-6F8F-433F-8B93-C8EB1CAC59D7}.Release|x64.Build.0 = Release|Any CPU
		{509579EA-6F8F-433F-8B93-C8EB1CAC59D7}.Release|x86.ActiveCfg = Release|Any CPU
		{509579EA-6F8F-433F-8B93-C8EB1CAC59D7}.Release|x86.Build.0 = Release|Any CPU
		{849697AB-282E-4396-89E0-59783A23B201}.Debug|Any CPU.ActiveCfg = Debug|Any CPU
		{849697AB-282E-4396-89E0-59783A23B201}.Debug|Any CPU.Build.0 = Debug|Any CPU
		{849697AB-282E-4396-89E0-59783A23B201}.Debug|x64.ActiveCfg = Debug|Any CPU
		{849697AB-282E-4396-89E0-59783A23B201}.Debug|x64.Build.0 = Debug|Any CPU
		{849697AB-282E-4396-89E0-59783A23B201}.Debug|x86.ActiveCfg = Debug|Any CPU
		{849697AB-282E-4396-89E0-59783A23B201}.Debug|x86.Build.0 = Debug|Any CPU
		{849697AB-282E-4396-89E0-59783A23B201}.Release|Any CPU.ActiveCfg = Release|Any CPU
		{849697AB-282E-4396-89E0-59783A23B201}.Release|Any CPU.Build.0 = Release|Any CPU
		{849697AB-282E-4396-89E0-59783A23B201}.Release|x64.ActiveCfg = Release|Any CPU
		{849697AB-282E-4396-89E0-59783A23B201}.Release|x64.Build.0 = Release|Any CPU
		{849697AB-282E-4396-89E0-59783A23B201}.Release|x86.ActiveCfg = Release|Any CPU
		{849697AB-282E-4396-89E0-59783A23B201}.Release|x86.Build.0 = Release|Any CPU
		{9DA33A0C-2B99-4DD9-A7AD-F3F30CE02874}.Debug|Any CPU.ActiveCfg = Debug|Any CPU
		{9DA33A0C-2B99-4DD9-A7AD-F3F30CE02874}.Debug|Any CPU.Build.0 = Debug|Any CPU
		{9DA33A0C-2B99-4DD9-A7AD-F3F30CE02874}.Debug|x64.ActiveCfg = Debug|Any CPU
		{9DA33A0C-2B99-4DD9-A7AD-F3F30CE02874}.Debug|x64.Build.0 = Debug|Any CPU
		{9DA33A0C-2B99-4DD9-A7AD-F3F30CE02874}.Debug|x86.ActiveCfg = Debug|Any CPU
		{9DA33A0C-2B99-4DD9-A7AD-F3F30CE02874}.Debug|x86.Build.0 = Debug|Any CPU
		{9DA33A0C-2B99-4DD9-A7AD-F3F30CE02874}.Release|Any CPU.ActiveCfg = Release|Any CPU
		{9DA33A0C-2B99-4DD9-A7AD-F3F30CE02874}.Release|Any CPU.Build.0 = Release|Any CPU
		{9DA33A0C-2B99-4DD9-A7AD-F3F30CE02874}.Release|x64.ActiveCfg = Release|Any CPU
		{9DA33A0C-2B99-4DD9-A7AD-F3F30CE02874}.Release|x64.Build.0 = Release|Any CPU
		{9DA33A0C-2B99-4DD9-A7AD-F3F30CE02874}.Release|x86.ActiveCfg = Release|Any CPU
		{9DA33A0C-2B99-4DD9-A7AD-F3F30CE02874}.Release|x86.Build.0 = Release|Any CPU
		{14BFC621-FD9B-42C1-9486-07BE83E20C32}.Debug|Any CPU.ActiveCfg = Debug|Any CPU
		{14BFC621-FD9B-42C1-9486-07BE83E20C32}.Debug|Any CPU.Build.0 = Debug|Any CPU
		{14BFC621-FD9B-42C1-9486-07BE83E20C32}.Debug|x64.ActiveCfg = Debug|Any CPU
		{14BFC621-FD9B-42C1-9486-07BE83E20C32}.Debug|x64.Build.0 = Debug|Any CPU
		{14BFC621-FD9B-42C1-9486-07BE83E20C32}.Debug|x86.ActiveCfg = Debug|Any CPU
		{14BFC621-FD9B-42C1-9486-07BE83E20C32}.Debug|x86.Build.0 = Debug|Any CPU
		{14BFC621-FD9B-42C1-9486-07BE83E20C32}.Release|Any CPU.ActiveCfg = Release|Any CPU
		{14BFC621-FD9B-42C1-9486-07BE83E20C32}.Release|Any CPU.Build.0 = Release|Any CPU
		{14BFC621-FD9B-42C1-9486-07BE83E20C32}.Release|x64.ActiveCfg = Release|Any CPU
		{14BFC621-FD9B-42C1-9486-07BE83E20C32}.Release|x64.Build.0 = Release|Any CPU
		{14BFC621-FD9B-42C1-9486-07BE83E20C32}.Release|x86.ActiveCfg = Release|Any CPU
		{14BFC621-FD9B-42C1-9486-07BE83E20C32}.Release|x86.Build.0 = Release|Any CPU
		{8B46B8CF-9AD5-4396-98EC-F0C9F9E973F1}.Debug|Any CPU.ActiveCfg = Debug|Any CPU
		{8B46B8CF-9AD5-4396-98EC-F0C9F9E973F1}.Debug|Any CPU.Build.0 = Debug|Any CPU
		{8B46B8CF-9AD5-4396-98EC-F0C9F9E973F1}.Debug|x64.ActiveCfg = Debug|Any CPU
		{8B46B8CF-9AD5-4396-98EC-F0C9F9E973F1}.Debug|x64.Build.0 = Debug|Any CPU
		{8B46B8CF-9AD5-4396-98EC-F0C9F9E973F1}.Debug|x86.ActiveCfg = Debug|Any CPU
		{8B46B8CF-9AD5-4396-98EC-F0C9F9E973F1}.Debug|x86.Build.0 = Debug|Any CPU
		{8B46B8CF-9AD5-4396-98EC-F0C9F9E973F1}.Release|Any CPU.ActiveCfg = Release|Any CPU
		{8B46B8CF-9AD5-4396-98EC-F0C9F9E973F1}.Release|Any CPU.Build.0 = Release|Any CPU
		{8B46B8CF-9AD5-4396-98EC-F0C9F9E973F1}.Release|x64.ActiveCfg = Release|Any CPU
		{8B46B8CF-9AD5-4396-98EC-F0C9F9E973F1}.Release|x64.Build.0 = Release|Any CPU
		{8B46B8CF-9AD5-4396-98EC-F0C9F9E973F1}.Release|x86.ActiveCfg = Release|Any CPU
		{8B46B8CF-9AD5-4396-98EC-F0C9F9E973F1}.Release|x86.Build.0 = Release|Any CPU
		{5265B75F-4229-4B9F-B903-C018F468A833}.Debug|Any CPU.ActiveCfg = Debug|Any CPU
		{5265B75F-4229-4B9F-B903-C018F468A833}.Debug|Any CPU.Build.0 = Debug|Any CPU
		{5265B75F-4229-4B9F-B903-C018F468A833}.Debug|x64.ActiveCfg = Debug|Any CPU
		{5265B75F-4229-4B9F-B903-C018F468A833}.Debug|x64.Build.0 = Debug|Any CPU
		{5265B75F-4229-4B9F-B903-C018F468A833}.Debug|x86.ActiveCfg = Debug|Any CPU
		{5265B75F-4229-4B9F-B903-C018F468A833}.Debug|x86.Build.0 = Debug|Any CPU
		{5265B75F-4229-4B9F-B903-C018F468A833}.Release|Any CPU.ActiveCfg = Release|Any CPU
		{5265B75F-4229-4B9F-B903-C018F468A833}.Release|Any CPU.Build.0 = Release|Any CPU
		{5265B75F-4229-4B9F-B903-C018F468A833}.Release|x64.ActiveCfg = Release|Any CPU
		{5265B75F-4229-4B9F-B903-C018F468A833}.Release|x64.Build.0 = Release|Any CPU
		{5265B75F-4229-4B9F-B903-C018F468A833}.Release|x86.ActiveCfg = Release|Any CPU
		{5265B75F-4229-4B9F-B903-C018F468A833}.Release|x86.Build.0 = Release|Any CPU
		{46951854-A705-43E8-ACE5-83ECDCEA6E14}.Debug|Any CPU.ActiveCfg = Debug|Any CPU
		{46951854-A705-43E8-ACE5-83ECDCEA6E14}.Debug|Any CPU.Build.0 = Debug|Any CPU
		{46951854-A705-43E8-ACE5-83ECDCEA6E14}.Debug|x64.ActiveCfg = Debug|Any CPU
		{46951854-A705-43E8-ACE5-83ECDCEA6E14}.Debug|x64.Build.0 = Debug|Any CPU
		{46951854-A705-43E8-ACE5-83ECDCEA6E14}.Debug|x86.ActiveCfg = Debug|Any CPU
		{46951854-A705-43E8-ACE5-83ECDCEA6E14}.Debug|x86.Build.0 = Debug|Any CPU
		{46951854-A705-43E8-ACE5-83ECDCEA6E14}.Release|Any CPU.ActiveCfg = Release|Any CPU
		{46951854-A705-43E8-ACE5-83ECDCEA6E14}.Release|Any CPU.Build.0 = Release|Any CPU
		{46951854-A705-43E8-ACE5-83ECDCEA6E14}.Release|x64.ActiveCfg = Release|Any CPU
		{46951854-A705-43E8-ACE5-83ECDCEA6E14}.Release|x64.Build.0 = Release|Any CPU
		{46951854-A705-43E8-ACE5-83ECDCEA6E14}.Release|x86.ActiveCfg = Release|Any CPU
		{46951854-A705-43E8-ACE5-83ECDCEA6E14}.Release|x86.Build.0 = Release|Any CPU
		{8C42AAA0-F641-4D3B-9A07-8860D23F0FE4}.Debug|Any CPU.ActiveCfg = Debug|Any CPU
		{8C42AAA0-F641-4D3B-9A07-8860D23F0FE4}.Debug|Any CPU.Build.0 = Debug|Any CPU
		{8C42AAA0-F641-4D3B-9A07-8860D23F0FE4}.Debug|x64.ActiveCfg = Debug|Any CPU
		{8C42AAA0-F641-4D3B-9A07-8860D23F0FE4}.Debug|x64.Build.0 = Debug|Any CPU
		{8C42AAA0-F641-4D3B-9A07-8860D23F0FE4}.Debug|x86.ActiveCfg = Debug|Any CPU
		{8C42AAA0-F641-4D3B-9A07-8860D23F0FE4}.Debug|x86.Build.0 = Debug|Any CPU
		{8C42AAA0-F641-4D3B-9A07-8860D23F0FE4}.Release|Any CPU.ActiveCfg = Release|Any CPU
		{8C42AAA0-F641-4D3B-9A07-8860D23F0FE4}.Release|Any CPU.Build.0 = Release|Any CPU
		{8C42AAA0-F641-4D3B-9A07-8860D23F0FE4}.Release|x64.ActiveCfg = Release|Any CPU
		{8C42AAA0-F641-4D3B-9A07-8860D23F0FE4}.Release|x64.Build.0 = Release|Any CPU
		{8C42AAA0-F641-4D3B-9A07-8860D23F0FE4}.Release|x86.ActiveCfg = Release|Any CPU
		{8C42AAA0-F641-4D3B-9A07-8860D23F0FE4}.Release|x86.Build.0 = Release|Any CPU
		{148501A8-277E-4872-AB19-15CC9A5A7270}.Debug|Any CPU.ActiveCfg = Debug|Any CPU
		{148501A8-277E-4872-AB19-15CC9A5A7270}.Debug|Any CPU.Build.0 = Debug|Any CPU
		{148501A8-277E-4872-AB19-15CC9A5A7270}.Debug|x64.ActiveCfg = Debug|Any CPU
		{148501A8-277E-4872-AB19-15CC9A5A7270}.Debug|x64.Build.0 = Debug|Any CPU
		{148501A8-277E-4872-AB19-15CC9A5A7270}.Debug|x86.ActiveCfg = Debug|Any CPU
		{148501A8-277E-4872-AB19-15CC9A5A7270}.Debug|x86.Build.0 = Debug|Any CPU
		{148501A8-277E-4872-AB19-15CC9A5A7270}.Release|Any CPU.ActiveCfg = Release|Any CPU
		{148501A8-277E-4872-AB19-15CC9A5A7270}.Release|Any CPU.Build.0 = Release|Any CPU
		{148501A8-277E-4872-AB19-15CC9A5A7270}.Release|x64.ActiveCfg = Release|Any CPU
		{148501A8-277E-4872-AB19-15CC9A5A7270}.Release|x64.Build.0 = Release|Any CPU
		{148501A8-277E-4872-AB19-15CC9A5A7270}.Release|x86.ActiveCfg = Release|Any CPU
		{148501A8-277E-4872-AB19-15CC9A5A7270}.Release|x86.Build.0 = Release|Any CPU
		{CDED042B-8368-4188-9225-BC988DC959A4}.Debug|Any CPU.ActiveCfg = Debug|Any CPU
		{CDED042B-8368-4188-9225-BC988DC959A4}.Debug|Any CPU.Build.0 = Debug|Any CPU
		{CDED042B-8368-4188-9225-BC988DC959A4}.Debug|x64.ActiveCfg = Debug|Any CPU
		{CDED042B-8368-4188-9225-BC988DC959A4}.Debug|x64.Build.0 = Debug|Any CPU
		{CDED042B-8368-4188-9225-BC988DC959A4}.Debug|x86.ActiveCfg = Debug|Any CPU
		{CDED042B-8368-4188-9225-BC988DC959A4}.Debug|x86.Build.0 = Debug|Any CPU
		{CDED042B-8368-4188-9225-BC988DC959A4}.Release|Any CPU.ActiveCfg = Release|Any CPU
		{CDED042B-8368-4188-9225-BC988DC959A4}.Release|Any CPU.Build.0 = Release|Any CPU
		{CDED042B-8368-4188-9225-BC988DC959A4}.Release|x64.ActiveCfg = Release|Any CPU
		{CDED042B-8368-4188-9225-BC988DC959A4}.Release|x64.Build.0 = Release|Any CPU
		{CDED042B-8368-4188-9225-BC988DC959A4}.Release|x86.ActiveCfg = Release|Any CPU
		{CDED042B-8368-4188-9225-BC988DC959A4}.Release|x86.Build.0 = Release|Any CPU
		{29C4B544-9CC7-4B6D-9D75-EDFAAEA1BAC5}.Debug|Any CPU.ActiveCfg = Debug|Any CPU
		{29C4B544-9CC7-4B6D-9D75-EDFAAEA1BAC5}.Debug|Any CPU.Build.0 = Debug|Any CPU
		{29C4B544-9CC7-4B6D-9D75-EDFAAEA1BAC5}.Debug|x64.ActiveCfg = Debug|Any CPU
		{29C4B544-9CC7-4B6D-9D75-EDFAAEA1BAC5}.Debug|x64.Build.0 = Debug|Any CPU
		{29C4B544-9CC7-4B6D-9D75-EDFAAEA1BAC5}.Debug|x86.ActiveCfg = Debug|Any CPU
		{29C4B544-9CC7-4B6D-9D75-EDFAAEA1BAC5}.Debug|x86.Build.0 = Debug|Any CPU
		{29C4B544-9CC7-4B6D-9D75-EDFAAEA1BAC5}.Release|Any CPU.ActiveCfg = Release|Any CPU
		{29C4B544-9CC7-4B6D-9D75-EDFAAEA1BAC5}.Release|Any CPU.Build.0 = Release|Any CPU
		{29C4B544-9CC7-4B6D-9D75-EDFAAEA1BAC5}.Release|x64.ActiveCfg = Release|Any CPU
		{29C4B544-9CC7-4B6D-9D75-EDFAAEA1BAC5}.Release|x64.Build.0 = Release|Any CPU
		{29C4B544-9CC7-4B6D-9D75-EDFAAEA1BAC5}.Release|x86.ActiveCfg = Release|Any CPU
		{29C4B544-9CC7-4B6D-9D75-EDFAAEA1BAC5}.Release|x86.Build.0 = Release|Any CPU
		{ECE8E08C-888A-4047-86A1-D6E58BDEC3AF}.Debug|Any CPU.ActiveCfg = Debug|Any CPU
		{ECE8E08C-888A-4047-86A1-D6E58BDEC3AF}.Debug|Any CPU.Build.0 = Debug|Any CPU
		{ECE8E08C-888A-4047-86A1-D6E58BDEC3AF}.Debug|x64.ActiveCfg = Debug|Any CPU
		{ECE8E08C-888A-4047-86A1-D6E58BDEC3AF}.Debug|x64.Build.0 = Debug|Any CPU
		{ECE8E08C-888A-4047-86A1-D6E58BDEC3AF}.Debug|x86.ActiveCfg = Debug|Any CPU
		{ECE8E08C-888A-4047-86A1-D6E58BDEC3AF}.Debug|x86.Build.0 = Debug|Any CPU
		{ECE8E08C-888A-4047-86A1-D6E58BDEC3AF}.Release|Any CPU.ActiveCfg = Release|Any CPU
		{ECE8E08C-888A-4047-86A1-D6E58BDEC3AF}.Release|Any CPU.Build.0 = Release|Any CPU
		{ECE8E08C-888A-4047-86A1-D6E58BDEC3AF}.Release|x64.ActiveCfg = Release|Any CPU
		{ECE8E08C-888A-4047-86A1-D6E58BDEC3AF}.Release|x64.Build.0 = Release|Any CPU
		{ECE8E08C-888A-4047-86A1-D6E58BDEC3AF}.Release|x86.ActiveCfg = Release|Any CPU
		{ECE8E08C-888A-4047-86A1-D6E58BDEC3AF}.Release|x86.Build.0 = Release|Any CPU
		{A7412DC2-7B09-4D85-BF93-844701A8AA56}.Debug|Any CPU.ActiveCfg = Debug|Any CPU
		{A7412DC2-7B09-4D85-BF93-844701A8AA56}.Debug|Any CPU.Build.0 = Debug|Any CPU
		{A7412DC2-7B09-4D85-BF93-844701A8AA56}.Debug|x64.ActiveCfg = Debug|Any CPU
		{A7412DC2-7B09-4D85-BF93-844701A8AA56}.Debug|x64.Build.0 = Debug|Any CPU
		{A7412DC2-7B09-4D85-BF93-844701A8AA56}.Debug|x86.ActiveCfg = Debug|Any CPU
		{A7412DC2-7B09-4D85-BF93-844701A8AA56}.Debug|x86.Build.0 = Debug|Any CPU
		{A7412DC2-7B09-4D85-BF93-844701A8AA56}.Release|Any CPU.ActiveCfg = Release|Any CPU
		{A7412DC2-7B09-4D85-BF93-844701A8AA56}.Release|Any CPU.Build.0 = Release|Any CPU
		{A7412DC2-7B09-4D85-BF93-844701A8AA56}.Release|x64.ActiveCfg = Release|Any CPU
		{A7412DC2-7B09-4D85-BF93-844701A8AA56}.Release|x64.Build.0 = Release|Any CPU
		{A7412DC2-7B09-4D85-BF93-844701A8AA56}.Release|x86.ActiveCfg = Release|Any CPU
		{A7412DC2-7B09-4D85-BF93-844701A8AA56}.Release|x86.Build.0 = Release|Any CPU
		{0E1FE18F-DB37-40E4-9C77-8821511F7BF7}.Debug|Any CPU.ActiveCfg = Release|Win32
		{0E1FE18F-DB37-40E4-9C77-8821511F7BF7}.Debug|Any CPU.Build.0 = Release|Win32
		{0E1FE18F-DB37-40E4-9C77-8821511F7BF7}.Debug|x64.ActiveCfg = Debug|x64
		{0E1FE18F-DB37-40E4-9C77-8821511F7BF7}.Debug|x64.Build.0 = Debug|x64
		{0E1FE18F-DB37-40E4-9C77-8821511F7BF7}.Debug|x86.ActiveCfg = Debug|Win32
		{0E1FE18F-DB37-40E4-9C77-8821511F7BF7}.Debug|x86.Build.0 = Debug|Win32
		{0E1FE18F-DB37-40E4-9C77-8821511F7BF7}.Release|Any CPU.ActiveCfg = Release|x64
		{0E1FE18F-DB37-40E4-9C77-8821511F7BF7}.Release|Any CPU.Build.0 = Release|x64
		{0E1FE18F-DB37-40E4-9C77-8821511F7BF7}.Release|x64.ActiveCfg = Release|x64
		{0E1FE18F-DB37-40E4-9C77-8821511F7BF7}.Release|x64.Build.0 = Release|x64
		{0E1FE18F-DB37-40E4-9C77-8821511F7BF7}.Release|x86.ActiveCfg = Release|Win32
		{0E1FE18F-DB37-40E4-9C77-8821511F7BF7}.Release|x86.Build.0 = Release|Win32
		{633FB69E-E932-4EE4-9A7F-15168DB26A49}.Debug|Any CPU.ActiveCfg = Debug|Any CPU
		{633FB69E-E932-4EE4-9A7F-15168DB26A49}.Debug|Any CPU.Build.0 = Debug|Any CPU
		{633FB69E-E932-4EE4-9A7F-15168DB26A49}.Debug|x64.ActiveCfg = Debug|Any CPU
		{633FB69E-E932-4EE4-9A7F-15168DB26A49}.Debug|x64.Build.0 = Debug|Any CPU
		{633FB69E-E932-4EE4-9A7F-15168DB26A49}.Debug|x86.ActiveCfg = Debug|Any CPU
		{633FB69E-E932-4EE4-9A7F-15168DB26A49}.Debug|x86.Build.0 = Debug|Any CPU
		{633FB69E-E932-4EE4-9A7F-15168DB26A49}.Release|Any CPU.ActiveCfg = Release|Any CPU
		{633FB69E-E932-4EE4-9A7F-15168DB26A49}.Release|Any CPU.Build.0 = Release|Any CPU
		{633FB69E-E932-4EE4-9A7F-15168DB26A49}.Release|x64.ActiveCfg = Release|Any CPU
		{633FB69E-E932-4EE4-9A7F-15168DB26A49}.Release|x64.Build.0 = Release|Any CPU
		{633FB69E-E932-4EE4-9A7F-15168DB26A49}.Release|x86.ActiveCfg = Release|Any CPU
		{633FB69E-E932-4EE4-9A7F-15168DB26A49}.Release|x86.Build.0 = Release|Any CPU
		{7191A874-8734-4BB4-BBB9-AD51D06994BF}.Debug|Any CPU.ActiveCfg = Debug|Any CPU
		{7191A874-8734-4BB4-BBB9-AD51D06994BF}.Debug|Any CPU.Build.0 = Debug|Any CPU
		{7191A874-8734-4BB4-BBB9-AD51D06994BF}.Debug|x64.ActiveCfg = Debug|Any CPU
		{7191A874-8734-4BB4-BBB9-AD51D06994BF}.Debug|x64.Build.0 = Debug|Any CPU
		{7191A874-8734-4BB4-BBB9-AD51D06994BF}.Debug|x86.ActiveCfg = Debug|Any CPU
		{7191A874-8734-4BB4-BBB9-AD51D06994BF}.Debug|x86.Build.0 = Debug|Any CPU
		{7191A874-8734-4BB4-BBB9-AD51D06994BF}.Release|Any CPU.ActiveCfg = Release|Any CPU
		{7191A874-8734-4BB4-BBB9-AD51D06994BF}.Release|Any CPU.Build.0 = Release|Any CPU
		{7191A874-8734-4BB4-BBB9-AD51D06994BF}.Release|x64.ActiveCfg = Release|Any CPU
		{7191A874-8734-4BB4-BBB9-AD51D06994BF}.Release|x64.Build.0 = Release|Any CPU
		{7191A874-8734-4BB4-BBB9-AD51D06994BF}.Release|x86.ActiveCfg = Release|Any CPU
		{7191A874-8734-4BB4-BBB9-AD51D06994BF}.Release|x86.Build.0 = Release|Any CPU
		{F20A5A44-F6C8-4B67-9FB0-FC3A9C922BFD}.Debug|Any CPU.ActiveCfg = Debug|Any CPU
		{F20A5A44-F6C8-4B67-9FB0-FC3A9C922BFD}.Debug|Any CPU.Build.0 = Debug|Any CPU
		{F20A5A44-F6C8-4B67-9FB0-FC3A9C922BFD}.Debug|x64.ActiveCfg = Debug|Any CPU
		{F20A5A44-F6C8-4B67-9FB0-FC3A9C922BFD}.Debug|x64.Build.0 = Debug|Any CPU
		{F20A5A44-F6C8-4B67-9FB0-FC3A9C922BFD}.Debug|x86.ActiveCfg = Debug|Any CPU
		{F20A5A44-F6C8-4B67-9FB0-FC3A9C922BFD}.Debug|x86.Build.0 = Debug|Any CPU
		{F20A5A44-F6C8-4B67-9FB0-FC3A9C922BFD}.Release|Any CPU.ActiveCfg = Release|Any CPU
		{F20A5A44-F6C8-4B67-9FB0-FC3A9C922BFD}.Release|Any CPU.Build.0 = Release|Any CPU
		{F20A5A44-F6C8-4B67-9FB0-FC3A9C922BFD}.Release|x64.ActiveCfg = Release|Any CPU
		{F20A5A44-F6C8-4B67-9FB0-FC3A9C922BFD}.Release|x64.Build.0 = Release|Any CPU
		{F20A5A44-F6C8-4B67-9FB0-FC3A9C922BFD}.Release|x86.ActiveCfg = Release|Any CPU
		{F20A5A44-F6C8-4B67-9FB0-FC3A9C922BFD}.Release|x86.Build.0 = Release|Any CPU
		{07322A29-12A7-40C5-9C90-95D707EFB38D}.Debug|Any CPU.ActiveCfg = Debug|Any CPU
		{07322A29-12A7-40C5-9C90-95D707EFB38D}.Debug|Any CPU.Build.0 = Debug|Any CPU
		{07322A29-12A7-40C5-9C90-95D707EFB38D}.Debug|x64.ActiveCfg = Debug|Any CPU
		{07322A29-12A7-40C5-9C90-95D707EFB38D}.Debug|x64.Build.0 = Debug|Any CPU
		{07322A29-12A7-40C5-9C90-95D707EFB38D}.Debug|x86.ActiveCfg = Debug|Any CPU
		{07322A29-12A7-40C5-9C90-95D707EFB38D}.Debug|x86.Build.0 = Debug|Any CPU
		{07322A29-12A7-40C5-9C90-95D707EFB38D}.Release|Any CPU.ActiveCfg = Release|Any CPU
		{07322A29-12A7-40C5-9C90-95D707EFB38D}.Release|Any CPU.Build.0 = Release|Any CPU
		{07322A29-12A7-40C5-9C90-95D707EFB38D}.Release|x64.ActiveCfg = Release|Any CPU
		{07322A29-12A7-40C5-9C90-95D707EFB38D}.Release|x64.Build.0 = Release|Any CPU
		{07322A29-12A7-40C5-9C90-95D707EFB38D}.Release|x86.ActiveCfg = Release|Any CPU
		{07322A29-12A7-40C5-9C90-95D707EFB38D}.Release|x86.Build.0 = Release|Any CPU
		{2F445253-67E3-4538-838A-0D2B2E48AE12}.Debug|Any CPU.ActiveCfg = Debug|Any CPU
		{2F445253-67E3-4538-838A-0D2B2E48AE12}.Debug|Any CPU.Build.0 = Debug|Any CPU
		{2F445253-67E3-4538-838A-0D2B2E48AE12}.Debug|x64.ActiveCfg = Debug|Any CPU
		{2F445253-67E3-4538-838A-0D2B2E48AE12}.Debug|x64.Build.0 = Debug|Any CPU
		{2F445253-67E3-4538-838A-0D2B2E48AE12}.Debug|x86.ActiveCfg = Debug|Any CPU
		{2F445253-67E3-4538-838A-0D2B2E48AE12}.Debug|x86.Build.0 = Debug|Any CPU
		{2F445253-67E3-4538-838A-0D2B2E48AE12}.Release|Any CPU.ActiveCfg = Release|Any CPU
		{2F445253-67E3-4538-838A-0D2B2E48AE12}.Release|Any CPU.Build.0 = Release|Any CPU
		{2F445253-67E3-4538-838A-0D2B2E48AE12}.Release|x64.ActiveCfg = Release|Any CPU
		{2F445253-67E3-4538-838A-0D2B2E48AE12}.Release|x64.Build.0 = Release|Any CPU
		{2F445253-67E3-4538-838A-0D2B2E48AE12}.Release|x86.ActiveCfg = Release|Any CPU
		{2F445253-67E3-4538-838A-0D2B2E48AE12}.Release|x86.Build.0 = Release|Any CPU
		{9F27D6CB-5DF3-4B87-86BF-182320310854}.Debug|Any CPU.ActiveCfg = Debug|Any CPU
		{9F27D6CB-5DF3-4B87-86BF-182320310854}.Debug|Any CPU.Build.0 = Debug|Any CPU
		{9F27D6CB-5DF3-4B87-86BF-182320310854}.Debug|x64.ActiveCfg = Debug|Any CPU
		{9F27D6CB-5DF3-4B87-86BF-182320310854}.Debug|x64.Build.0 = Debug|Any CPU
		{9F27D6CB-5DF3-4B87-86BF-182320310854}.Debug|x86.ActiveCfg = Debug|Any CPU
		{9F27D6CB-5DF3-4B87-86BF-182320310854}.Debug|x86.Build.0 = Debug|Any CPU
		{9F27D6CB-5DF3-4B87-86BF-182320310854}.Release|Any CPU.ActiveCfg = Release|Any CPU
		{9F27D6CB-5DF3-4B87-86BF-182320310854}.Release|Any CPU.Build.0 = Release|Any CPU
		{9F27D6CB-5DF3-4B87-86BF-182320310854}.Release|x64.ActiveCfg = Release|Any CPU
		{9F27D6CB-5DF3-4B87-86BF-182320310854}.Release|x64.Build.0 = Release|Any CPU
		{9F27D6CB-5DF3-4B87-86BF-182320310854}.Release|x86.ActiveCfg = Release|Any CPU
		{9F27D6CB-5DF3-4B87-86BF-182320310854}.Release|x86.Build.0 = Release|Any CPU
		{C50ED783-E5A4-4813-80C1-B984410D7756}.Debug|Any CPU.ActiveCfg = Debug|Any CPU
		{C50ED783-E5A4-4813-80C1-B984410D7756}.Debug|Any CPU.Build.0 = Debug|Any CPU
		{C50ED783-E5A4-4813-80C1-B984410D7756}.Debug|x64.ActiveCfg = Debug|Any CPU
		{C50ED783-E5A4-4813-80C1-B984410D7756}.Debug|x64.Build.0 = Debug|Any CPU
		{C50ED783-E5A4-4813-80C1-B984410D7756}.Debug|x86.ActiveCfg = Debug|Any CPU
		{C50ED783-E5A4-4813-80C1-B984410D7756}.Debug|x86.Build.0 = Debug|Any CPU
		{C50ED783-E5A4-4813-80C1-B984410D7756}.Release|Any CPU.ActiveCfg = Release|Any CPU
		{C50ED783-E5A4-4813-80C1-B984410D7756}.Release|Any CPU.Build.0 = Release|Any CPU
		{C50ED783-E5A4-4813-80C1-B984410D7756}.Release|x64.ActiveCfg = Release|Any CPU
		{C50ED783-E5A4-4813-80C1-B984410D7756}.Release|x64.Build.0 = Release|Any CPU
		{C50ED783-E5A4-4813-80C1-B984410D7756}.Release|x86.ActiveCfg = Release|Any CPU
		{C50ED783-E5A4-4813-80C1-B984410D7756}.Release|x86.Build.0 = Release|Any CPU
		{72DCB7B6-FFF9-41AF-ADF2-4190C5CE2A50}.Debug|Any CPU.ActiveCfg = Debug|Any CPU
		{72DCB7B6-FFF9-41AF-ADF2-4190C5CE2A50}.Debug|Any CPU.Build.0 = Debug|Any CPU
		{72DCB7B6-FFF9-41AF-ADF2-4190C5CE2A50}.Debug|x64.ActiveCfg = Debug|Any CPU
		{72DCB7B6-FFF9-41AF-ADF2-4190C5CE2A50}.Debug|x64.Build.0 = Debug|Any CPU
		{72DCB7B6-FFF9-41AF-ADF2-4190C5CE2A50}.Debug|x86.ActiveCfg = Debug|Any CPU
		{72DCB7B6-FFF9-41AF-ADF2-4190C5CE2A50}.Debug|x86.Build.0 = Debug|Any CPU
		{72DCB7B6-FFF9-41AF-ADF2-4190C5CE2A50}.Release|Any CPU.ActiveCfg = Release|Any CPU
		{72DCB7B6-FFF9-41AF-ADF2-4190C5CE2A50}.Release|Any CPU.Build.0 = Release|Any CPU
		{72DCB7B6-FFF9-41AF-ADF2-4190C5CE2A50}.Release|x64.ActiveCfg = Release|Any CPU
		{72DCB7B6-FFF9-41AF-ADF2-4190C5CE2A50}.Release|x64.Build.0 = Release|Any CPU
		{72DCB7B6-FFF9-41AF-ADF2-4190C5CE2A50}.Release|x86.ActiveCfg = Release|Any CPU
		{72DCB7B6-FFF9-41AF-ADF2-4190C5CE2A50}.Release|x86.Build.0 = Release|Any CPU
		{D4A09ABE-D608-4C00-8643-5EA65BB5B7E7}.Debug|Any CPU.ActiveCfg = Debug|Any CPU
		{D4A09ABE-D608-4C00-8643-5EA65BB5B7E7}.Debug|Any CPU.Build.0 = Debug|Any CPU
		{D4A09ABE-D608-4C00-8643-5EA65BB5B7E7}.Debug|x64.ActiveCfg = Debug|Any CPU
		{D4A09ABE-D608-4C00-8643-5EA65BB5B7E7}.Debug|x64.Build.0 = Debug|Any CPU
		{D4A09ABE-D608-4C00-8643-5EA65BB5B7E7}.Debug|x86.ActiveCfg = Debug|Any CPU
		{D4A09ABE-D608-4C00-8643-5EA65BB5B7E7}.Debug|x86.Build.0 = Debug|Any CPU
		{D4A09ABE-D608-4C00-8643-5EA65BB5B7E7}.Release|Any CPU.ActiveCfg = Release|Any CPU
		{D4A09ABE-D608-4C00-8643-5EA65BB5B7E7}.Release|Any CPU.Build.0 = Release|Any CPU
		{D4A09ABE-D608-4C00-8643-5EA65BB5B7E7}.Release|x64.ActiveCfg = Release|Any CPU
		{D4A09ABE-D608-4C00-8643-5EA65BB5B7E7}.Release|x64.Build.0 = Release|Any CPU
		{D4A09ABE-D608-4C00-8643-5EA65BB5B7E7}.Release|x86.ActiveCfg = Release|Any CPU
		{D4A09ABE-D608-4C00-8643-5EA65BB5B7E7}.Release|x86.Build.0 = Release|Any CPU
		{3B03ED5F-9D6F-4D4C-94CE-DA83E28B6C6D}.Debug|Any CPU.ActiveCfg = Debug|Any CPU
		{3B03ED5F-9D6F-4D4C-94CE-DA83E28B6C6D}.Debug|Any CPU.Build.0 = Debug|Any CPU
		{3B03ED5F-9D6F-4D4C-94CE-DA83E28B6C6D}.Debug|x64.ActiveCfg = Debug|Any CPU
		{3B03ED5F-9D6F-4D4C-94CE-DA83E28B6C6D}.Debug|x64.Build.0 = Debug|Any CPU
		{3B03ED5F-9D6F-4D4C-94CE-DA83E28B6C6D}.Debug|x86.ActiveCfg = Debug|Any CPU
		{3B03ED5F-9D6F-4D4C-94CE-DA83E28B6C6D}.Debug|x86.Build.0 = Debug|Any CPU
		{3B03ED5F-9D6F-4D4C-94CE-DA83E28B6C6D}.Release|Any CPU.ActiveCfg = Release|Any CPU
		{3B03ED5F-9D6F-4D4C-94CE-DA83E28B6C6D}.Release|Any CPU.Build.0 = Release|Any CPU
		{3B03ED5F-9D6F-4D4C-94CE-DA83E28B6C6D}.Release|x64.ActiveCfg = Release|Any CPU
		{3B03ED5F-9D6F-4D4C-94CE-DA83E28B6C6D}.Release|x64.Build.0 = Release|Any CPU
		{3B03ED5F-9D6F-4D4C-94CE-DA83E28B6C6D}.Release|x86.ActiveCfg = Release|Any CPU
		{3B03ED5F-9D6F-4D4C-94CE-DA83E28B6C6D}.Release|x86.Build.0 = Release|Any CPU
	EndGlobalSection
	GlobalSection(SolutionProperties) = preSolution
		HideSolutionNode = FALSE
	EndGlobalSection
	GlobalSection(NestedProjects) = preSolution
		{4E026D5B-7E24-4112-A8F2-11B681D53976} = {C0BCB510-1E58-41CB-8314-9EB298CD42AC}
		{3A86214D-1577-446D-BB3A-72FF0275244A} = {DC614C75-97B9-41F7-AC40-3808269C2C2E}
		{F49288AF-5078-4001-BF7D-62782A5AC914} = {E9BD4C21-F6FF-4ACC-9552-A6F45CF577B2}
		{4D42C776-FC5D-4D8B-9918-572774023DCF} = {E9BD4C21-F6FF-4ACC-9552-A6F45CF577B2}
		{CB362C69-601C-4DCE-B364-79A6404051D9} = {E9BD4C21-F6FF-4ACC-9552-A6F45CF577B2}
		{FEB1C1B9-87F2-4EEF-B63B-2ACCBAE270D9} = {F49288AF-5078-4001-BF7D-62782A5AC914}
		{5E39AA6C-DA54-46DC-B2F1-6B6F516B7CE2} = {E9BD4C21-F6FF-4ACC-9552-A6F45CF577B2}
		{30111B3C-3355-4894-B1A3-A1C77A2F5D1D} = {F49288AF-5078-4001-BF7D-62782A5AC914}
		{4B4456C6-33A9-46C8-AA88-7D56B0B496BC} = {E9BD4C21-F6FF-4ACC-9552-A6F45CF577B2}
		{83A840BD-0B42-472D-AA80-DF3EBE6A9EB0} = {4B4456C6-33A9-46C8-AA88-7D56B0B496BC}
		{5522B505-2F71-47B3-970E-A4810D8A1F49} = {E9BD4C21-F6FF-4ACC-9552-A6F45CF577B2}
		{6FECDE62-C433-4BB5-8633-A452D8F6B35C} = {5522B505-2F71-47B3-970E-A4810D8A1F49}
		{4403465D-8F37-4B20-94F5-B5C7077568E3} = {5522B505-2F71-47B3-970E-A4810D8A1F49}
		{40EBE1FE-7C06-49FE-819C-B31DF27CA343} = {5522B505-2F71-47B3-970E-A4810D8A1F49}
		{5B666475-9264-4C06-86E6-73DF4A873C7D} = {5522B505-2F71-47B3-970E-A4810D8A1F49}
		{46E3C7D9-D36D-46B5-9641-F8145317152A} = {F8C0B6E2-8396-41DB-BDD8-620621560BC2}
		{8858E058-9D2C-4CF2-A0EF-76B771CAB343} = {F8C0B6E2-8396-41DB-BDD8-620621560BC2}
		{509579EA-6F8F-433F-8B93-C8EB1CAC59D7} = {5E39AA6C-DA54-46DC-B2F1-6B6F516B7CE2}
		{849697AB-282E-4396-89E0-59783A23B201} = {5E39AA6C-DA54-46DC-B2F1-6B6F516B7CE2}
		{9DA33A0C-2B99-4DD9-A7AD-F3F30CE02874} = {5E39AA6C-DA54-46DC-B2F1-6B6F516B7CE2}
		{14BFC621-FD9B-42C1-9486-07BE83E20C32} = {CB362C69-601C-4DCE-B364-79A6404051D9}
		{4D609E60-D25E-4D02-80AF-5C99DF5A978E} = {DC614C75-97B9-41F7-AC40-3808269C2C2E}
		{8B46B8CF-9AD5-4396-98EC-F0C9F9E973F1} = {4D609E60-D25E-4D02-80AF-5C99DF5A978E}
		{5265B75F-4229-4B9F-B903-C018F468A833} = {4D609E60-D25E-4D02-80AF-5C99DF5A978E}
		{46951854-A705-43E8-ACE5-83ECDCEA6E14} = {4B4456C6-33A9-46C8-AA88-7D56B0B496BC}
		{8C42AAA0-F641-4D3B-9A07-8860D23F0FE4} = {4B4456C6-33A9-46C8-AA88-7D56B0B496BC}
		{148501A8-277E-4872-AB19-15CC9A5A7270} = {CB362C69-601C-4DCE-B364-79A6404051D9}
		{CDED042B-8368-4188-9225-BC988DC959A4} = {F49288AF-5078-4001-BF7D-62782A5AC914}
		{29C4B544-9CC7-4B6D-9D75-EDFAAEA1BAC5} = {4D42C776-FC5D-4D8B-9918-572774023DCF}
		{ECE8E08C-888A-4047-86A1-D6E58BDEC3AF} = {F49288AF-5078-4001-BF7D-62782A5AC914}
		{A7412DC2-7B09-4D85-BF93-844701A8AA56} = {F49288AF-5078-4001-BF7D-62782A5AC914}
		{0E1FE18F-DB37-40E4-9C77-8821511F7BF7} = {C62C5426-1FCD-43A7-9E3A-507DEAF2BD06}
		{633FB69E-E932-4EE4-9A7F-15168DB26A49} = {F49288AF-5078-4001-BF7D-62782A5AC914}
		{7191A874-8734-4BB4-BBB9-AD51D06994BF} = {4D42C776-FC5D-4D8B-9918-572774023DCF}
		{F20A5A44-F6C8-4B67-9FB0-FC3A9C922BFD} = {4D42C776-FC5D-4D8B-9918-572774023DCF}
		{07322A29-12A7-40C5-9C90-95D707EFB38D} = {4B4456C6-33A9-46C8-AA88-7D56B0B496BC}
		{2F445253-67E3-4538-838A-0D2B2E48AE12} = {4D42C776-FC5D-4D8B-9918-572774023DCF}
		{9F27D6CB-5DF3-4B87-86BF-182320310854} = {F49288AF-5078-4001-BF7D-62782A5AC914}
		{C50ED783-E5A4-4813-80C1-B984410D7756} = {F49288AF-5078-4001-BF7D-62782A5AC914}
		{72DCB7B6-FFF9-41AF-ADF2-4190C5CE2A50} = {4D42C776-FC5D-4D8B-9918-572774023DCF}
		{D4A09ABE-D608-4C00-8643-5EA65BB5B7E7} = {F8C0B6E2-8396-41DB-BDD8-620621560BC2}
		{3B03ED5F-9D6F-4D4C-94CE-DA83E28B6C6D} = {F49288AF-5078-4001-BF7D-62782A5AC914}
	EndGlobalSection
	GlobalSection(ExtensibilityGlobals) = postSolution
		SolutionGuid = {5ED97765-ED0B-49D3-91B8-A41E665CA11A}
	EndGlobalSection
EndGlobal
